// !$*UTF8*$!
{
	archiveVersion = 1;
	classes = {
	};
	objectVersion = 56;
	objects = {

/* Begin PBXBuildFile section */
		01B809726773F8CC0CD52310 /* Pods_LoginTimetonicApp_LoginTimetonicAppUITests.framework in Frameworks */ = {isa = PBXBuildFile; fileRef = 53D8FC3CD23854B009D9C0E1 /* Pods_LoginTimetonicApp_LoginTimetonicAppUITests.framework */; };
		13D9D6D36FC81A1FC014E1A8 /* Pods_LoginTimetonicApp.framework in Frameworks */ = {isa = PBXBuildFile; fileRef = 71DAF0885734B5814EFCC5CD /* Pods_LoginTimetonicApp.framework */; };
		1DB728FBE4BB3ADF35088285 /* Pods_LoginTimetonicAppTests.framework in Frameworks */ = {isa = PBXBuildFile; fileRef = 811A1097BCE2DFC75E04782C /* Pods_LoginTimetonicAppTests.framework */; };
		D02673F62B5F365500EF0B60 /* AppDelegate.swift in Sources */ = {isa = PBXBuildFile; fileRef = D02673F52B5F365500EF0B60 /* AppDelegate.swift */; };
		D02673F82B5F365500EF0B60 /* SceneDelegate.swift in Sources */ = {isa = PBXBuildFile; fileRef = D02673F72B5F365500EF0B60 /* SceneDelegate.swift */; };
		D02673FA2B5F365500EF0B60 /* LogInViewController.swift in Sources */ = {isa = PBXBuildFile; fileRef = D02673F92B5F365500EF0B60 /* LogInViewController.swift */; };
		D02673FD2B5F365500EF0B60 /* Main.storyboard in Resources */ = {isa = PBXBuildFile; fileRef = D02673FB2B5F365500EF0B60 /* Main.storyboard */; };
		D02674002B5F365500EF0B60 /* LoginTimetonicApp.xcdatamodeld in Sources */ = {isa = PBXBuildFile; fileRef = D02673FE2B5F365500EF0B60 /* LoginTimetonicApp.xcdatamodeld */; };
		D02674022B5F365700EF0B60 /* Assets.xcassets in Resources */ = {isa = PBXBuildFile; fileRef = D02674012B5F365700EF0B60 /* Assets.xcassets */; };
		D02674052B5F365700EF0B60 /* LaunchScreen.storyboard in Resources */ = {isa = PBXBuildFile; fileRef = D02674032B5F365700EF0B60 /* LaunchScreen.storyboard */; };
		D02674102B5F365700EF0B60 /* LoginTimetonicAppTests.swift in Sources */ = {isa = PBXBuildFile; fileRef = D026740F2B5F365700EF0B60 /* LoginTimetonicAppTests.swift */; };
		D026741A2B5F365700EF0B60 /* LoginTimetonicAppUITests.swift in Sources */ = {isa = PBXBuildFile; fileRef = D02674192B5F365700EF0B60 /* LoginTimetonicAppUITests.swift */; };
		D026741C2B5F365700EF0B60 /* LoginTimetonicAppUITestsLaunchTests.swift in Sources */ = {isa = PBXBuildFile; fileRef = D026741B2B5F365700EF0B60 /* LoginTimetonicAppUITestsLaunchTests.swift */; };
		D026742F2B5F514800EF0B60 /* LoginPresenter.swift in Sources */ = {isa = PBXBuildFile; fileRef = D026742E2B5F514800EF0B60 /* LoginPresenter.swift */; };
/* End PBXBuildFile section */

/* Begin PBXContainerItemProxy section */
		D026740C2B5F365700EF0B60 /* PBXContainerItemProxy */ = {
			isa = PBXContainerItemProxy;
			containerPortal = D02673EA2B5F365500EF0B60 /* Project object */;
			proxyType = 1;
			remoteGlobalIDString = D02673F12B5F365500EF0B60;
			remoteInfo = LoginTimetonicApp;
		};
		D02674162B5F365700EF0B60 /* PBXContainerItemProxy */ = {
			isa = PBXContainerItemProxy;
			containerPortal = D02673EA2B5F365500EF0B60 /* Project object */;
			proxyType = 1;
			remoteGlobalIDString = D02673F12B5F365500EF0B60;
			remoteInfo = LoginTimetonicApp;
		};
/* End PBXContainerItemProxy section */

/* Begin PBXFileReference section */
		0E4C79A6997F86C281466EEE /* Pods-LoginTimetonicApp-LoginTimetonicAppUITests.debug.xcconfig */ = {isa = PBXFileReference; includeInIndex = 1; lastKnownFileType = text.xcconfig; name = "Pods-LoginTimetonicApp-LoginTimetonicAppUITests.debug.xcconfig"; path = "Target Support Files/Pods-LoginTimetonicApp-LoginTimetonicAppUITests/Pods-LoginTimetonicApp-LoginTimetonicAppUITests.debug.xcconfig"; sourceTree = "<group>"; };
		1DA8A762D3706F804B9AEDF7 /* Pods-LoginTimetonicApp.debug.xcconfig */ = {isa = PBXFileReference; includeInIndex = 1; lastKnownFileType = text.xcconfig; name = "Pods-LoginTimetonicApp.debug.xcconfig"; path = "Target Support Files/Pods-LoginTimetonicApp/Pods-LoginTimetonicApp.debug.xcconfig"; sourceTree = "<group>"; };
		3E7DF6270F7D393C037E46D4 /* Pods-LoginTimetonicApp.release.xcconfig */ = {isa = PBXFileReference; includeInIndex = 1; lastKnownFileType = text.xcconfig; name = "Pods-LoginTimetonicApp.release.xcconfig"; path = "Target Support Files/Pods-LoginTimetonicApp/Pods-LoginTimetonicApp.release.xcconfig"; sourceTree = "<group>"; };
		53D8FC3CD23854B009D9C0E1 /* Pods_LoginTimetonicApp_LoginTimetonicAppUITests.framework */ = {isa = PBXFileReference; explicitFileType = wrapper.framework; includeInIndex = 0; path = Pods_LoginTimetonicApp_LoginTimetonicAppUITests.framework; sourceTree = BUILT_PRODUCTS_DIR; };
		71DAF0885734B5814EFCC5CD /* Pods_LoginTimetonicApp.framework */ = {isa = PBXFileReference; explicitFileType = wrapper.framework; includeInIndex = 0; path = Pods_LoginTimetonicApp.framework; sourceTree = BUILT_PRODUCTS_DIR; };
		7F17BA1E6FDB7A46A77E158C /* Pods-LoginTimetonicApp-LoginTimetonicAppUITests.release.xcconfig */ = {isa = PBXFileReference; includeInIndex = 1; lastKnownFileType = text.xcconfig; name = "Pods-LoginTimetonicApp-LoginTimetonicAppUITests.release.xcconfig"; path = "Target Support Files/Pods-LoginTimetonicApp-LoginTimetonicAppUITests/Pods-LoginTimetonicApp-LoginTimetonicAppUITests.release.xcconfig"; sourceTree = "<group>"; };
		811A1097BCE2DFC75E04782C /* Pods_LoginTimetonicAppTests.framework */ = {isa = PBXFileReference; explicitFileType = wrapper.framework; includeInIndex = 0; path = Pods_LoginTimetonicAppTests.framework; sourceTree = BUILT_PRODUCTS_DIR; };
		8F64E14C1E9D0EC08729E33C /* Pods-LoginTimetonicAppTests.release.xcconfig */ = {isa = PBXFileReference; includeInIndex = 1; lastKnownFileType = text.xcconfig; name = "Pods-LoginTimetonicAppTests.release.xcconfig"; path = "Target Support Files/Pods-LoginTimetonicAppTests/Pods-LoginTimetonicAppTests.release.xcconfig"; sourceTree = "<group>"; };
		B7753E2C77A0A3004CBB9DD0 /* Pods-LoginTimetonicAppTests.debug.xcconfig */ = {isa = PBXFileReference; includeInIndex = 1; lastKnownFileType = text.xcconfig; name = "Pods-LoginTimetonicAppTests.debug.xcconfig"; path = "Target Support Files/Pods-LoginTimetonicAppTests/Pods-LoginTimetonicAppTests.debug.xcconfig"; sourceTree = "<group>"; };
		D02673F22B5F365500EF0B60 /* LoginTimetonicApp.app */ = {isa = PBXFileReference; explicitFileType = wrapper.application; includeInIndex = 0; path = LoginTimetonicApp.app; sourceTree = BUILT_PRODUCTS_DIR; };
		D02673F52B5F365500EF0B60 /* AppDelegate.swift */ = {isa = PBXFileReference; lastKnownFileType = sourcecode.swift; path = AppDelegate.swift; sourceTree = "<group>"; };
		D02673F72B5F365500EF0B60 /* SceneDelegate.swift */ = {isa = PBXFileReference; lastKnownFileType = sourcecode.swift; path = SceneDelegate.swift; sourceTree = "<group>"; };
		D02673F92B5F365500EF0B60 /* LogInViewController.swift */ = {isa = PBXFileReference; lastKnownFileType = sourcecode.swift; path = LogInViewController.swift; sourceTree = "<group>"; };
		D02673FC2B5F365500EF0B60 /* Base */ = {isa = PBXFileReference; lastKnownFileType = file.storyboard; name = Base; path = Base.lproj/Main.storyboard; sourceTree = "<group>"; };
		D02673FF2B5F365500EF0B60 /* LoginTimetonicApp.xcdatamodel */ = {isa = PBXFileReference; lastKnownFileType = wrapper.xcdatamodel; path = LoginTimetonicApp.xcdatamodel; sourceTree = "<group>"; };
		D02674012B5F365700EF0B60 /* Assets.xcassets */ = {isa = PBXFileReference; lastKnownFileType = folder.assetcatalog; path = Assets.xcassets; sourceTree = "<group>"; };
		D02674042B5F365700EF0B60 /* Base */ = {isa = PBXFileReference; lastKnownFileType = file.storyboard; name = Base; path = Base.lproj/LaunchScreen.storyboard; sourceTree = "<group>"; };
		D02674062B5F365700EF0B60 /* Info.plist */ = {isa = PBXFileReference; lastKnownFileType = text.plist.xml; path = Info.plist; sourceTree = "<group>"; };
		D026740B2B5F365700EF0B60 /* LoginTimetonicAppTests.xctest */ = {isa = PBXFileReference; explicitFileType = wrapper.cfbundle; includeInIndex = 0; path = LoginTimetonicAppTests.xctest; sourceTree = BUILT_PRODUCTS_DIR; };
		D026740F2B5F365700EF0B60 /* LoginTimetonicAppTests.swift */ = {isa = PBXFileReference; lastKnownFileType = sourcecode.swift; path = LoginTimetonicAppTests.swift; sourceTree = "<group>"; };
		D02674152B5F365700EF0B60 /* LoginTimetonicAppUITests.xctest */ = {isa = PBXFileReference; explicitFileType = wrapper.cfbundle; includeInIndex = 0; path = LoginTimetonicAppUITests.xctest; sourceTree = BUILT_PRODUCTS_DIR; };
		D02674192B5F365700EF0B60 /* LoginTimetonicAppUITests.swift */ = {isa = PBXFileReference; lastKnownFileType = sourcecode.swift; path = LoginTimetonicAppUITests.swift; sourceTree = "<group>"; };
		D026741B2B5F365700EF0B60 /* LoginTimetonicAppUITestsLaunchTests.swift */ = {isa = PBXFileReference; lastKnownFileType = sourcecode.swift; path = LoginTimetonicAppUITestsLaunchTests.swift; sourceTree = "<group>"; };
		D026742E2B5F514800EF0B60 /* LoginPresenter.swift */ = {isa = PBXFileReference; lastKnownFileType = sourcecode.swift; path = LoginPresenter.swift; sourceTree = "<group>"; };
/* End PBXFileReference section */

/* Begin PBXFrameworksBuildPhase section */
		D02673EF2B5F365500EF0B60 /* Frameworks */ = {
			isa = PBXFrameworksBuildPhase;
			buildActionMask = 2147483647;
			files = (
				13D9D6D36FC81A1FC014E1A8 /* Pods_LoginTimetonicApp.framework in Frameworks */,
			);
			runOnlyForDeploymentPostprocessing = 0;
		};
		D02674082B5F365700EF0B60 /* Frameworks */ = {
			isa = PBXFrameworksBuildPhase;
			buildActionMask = 2147483647;
			files = (
				1DB728FBE4BB3ADF35088285 /* Pods_LoginTimetonicAppTests.framework in Frameworks */,
			);
			runOnlyForDeploymentPostprocessing = 0;
		};
		D02674122B5F365700EF0B60 /* Frameworks */ = {
			isa = PBXFrameworksBuildPhase;
			buildActionMask = 2147483647;
			files = (
				01B809726773F8CC0CD52310 /* Pods_LoginTimetonicApp_LoginTimetonicAppUITests.framework in Frameworks */,
			);
			runOnlyForDeploymentPostprocessing = 0;
		};
/* End PBXFrameworksBuildPhase section */

/* Begin PBXGroup section */
		212AB7BCD79113ACE35AA029 /* Pods */ = {
			isa = PBXGroup;
			children = (
				1DA8A762D3706F804B9AEDF7 /* Pods-LoginTimetonicApp.debug.xcconfig */,
				3E7DF6270F7D393C037E46D4 /* Pods-LoginTimetonicApp.release.xcconfig */,
				0E4C79A6997F86C281466EEE /* Pods-LoginTimetonicApp-LoginTimetonicAppUITests.debug.xcconfig */,
				7F17BA1E6FDB7A46A77E158C /* Pods-LoginTimetonicApp-LoginTimetonicAppUITests.release.xcconfig */,
				B7753E2C77A0A3004CBB9DD0 /* Pods-LoginTimetonicAppTests.debug.xcconfig */,
				8F64E14C1E9D0EC08729E33C /* Pods-LoginTimetonicAppTests.release.xcconfig */,
			);
			path = Pods;
			sourceTree = "<group>";
		};
		5621A8E6758064E20CD2371B /* Frameworks */ = {
			isa = PBXGroup;
			children = (
				71DAF0885734B5814EFCC5CD /* Pods_LoginTimetonicApp.framework */,
				53D8FC3CD23854B009D9C0E1 /* Pods_LoginTimetonicApp_LoginTimetonicAppUITests.framework */,
				811A1097BCE2DFC75E04782C /* Pods_LoginTimetonicAppTests.framework */,
			);
			name = Frameworks;
			sourceTree = "<group>";
		};
		D02673E92B5F365500EF0B60 = {
			isa = PBXGroup;
			children = (
				D02673F42B5F365500EF0B60 /* LoginTimetonicApp */,
				D026740E2B5F365700EF0B60 /* LoginTimetonicAppTests */,
				D02674182B5F365700EF0B60 /* LoginTimetonicAppUITests */,
				D02673F32B5F365500EF0B60 /* Products */,
				212AB7BCD79113ACE35AA029 /* Pods */,
				5621A8E6758064E20CD2371B /* Frameworks */,
			);
			sourceTree = "<group>";
		};
		D02673F32B5F365500EF0B60 /* Products */ = {
			isa = PBXGroup;
			children = (
				D02673F22B5F365500EF0B60 /* LoginTimetonicApp.app */,
				D026740B2B5F365700EF0B60 /* LoginTimetonicAppTests.xctest */,
				D02674152B5F365700EF0B60 /* LoginTimetonicAppUITests.xctest */,
			);
			name = Products;
			sourceTree = "<group>";
		};
		D02673F42B5F365500EF0B60 /* LoginTimetonicApp */ = {
			isa = PBXGroup;
			children = (
				D026742D2B5F495400EF0B60 /* Services */,
				D026742C2B5F494B00EF0B60 /* Util */,
				D026742B2B5F494100EF0B60 /* Presenter */,
				D026742A2B5F493800EF0B60 /* View */,
				D02674282B5F492500EF0B60 /* Model */,
				D02673F52B5F365500EF0B60 /* AppDelegate.swift */,
				D02673F72B5F365500EF0B60 /* SceneDelegate.swift */,
				D02673FB2B5F365500EF0B60 /* Main.storyboard */,
				D02674012B5F365700EF0B60 /* Assets.xcassets */,
				D02674032B5F365700EF0B60 /* LaunchScreen.storyboard */,
				D02674062B5F365700EF0B60 /* Info.plist */,
				D02673FE2B5F365500EF0B60 /* LoginTimetonicApp.xcdatamodeld */,
			);
			path = LoginTimetonicApp;
			sourceTree = "<group>";
		};
		D026740E2B5F365700EF0B60 /* LoginTimetonicAppTests */ = {
			isa = PBXGroup;
			children = (
				D026740F2B5F365700EF0B60 /* LoginTimetonicAppTests.swift */,
			);
			path = LoginTimetonicAppTests;
			sourceTree = "<group>";
		};
		D02674182B5F365700EF0B60 /* LoginTimetonicAppUITests */ = {
			isa = PBXGroup;
			children = (
				D02674192B5F365700EF0B60 /* LoginTimetonicAppUITests.swift */,
				D026741B2B5F365700EF0B60 /* LoginTimetonicAppUITestsLaunchTests.swift */,
			);
			path = LoginTimetonicAppUITests;
			sourceTree = "<group>";
		};
		D02674282B5F492500EF0B60 /* Model */ = {
			isa = PBXGroup;
			children = (
			);
			path = Model;
			sourceTree = "<group>";
		};
		D026742A2B5F493800EF0B60 /* View */ = {
			isa = PBXGroup;
			children = (
				D02673F92B5F365500EF0B60 /* LogInViewController.swift */,
			);
			path = View;
			sourceTree = "<group>";
		};
		D026742B2B5F494100EF0B60 /* Presenter */ = {
			isa = PBXGroup;
			children = (
				D026742E2B5F514800EF0B60 /* LoginPresenter.swift */,
			);
			path = Presenter;
			sourceTree = "<group>";
		};
		D026742C2B5F494B00EF0B60 /* Util */ = {
			isa = PBXGroup;
			children = (
			);
			path = Util;
			sourceTree = "<group>";
		};
		D026742D2B5F495400EF0B60 /* Services */ = {
			isa = PBXGroup;
			children = (
			);
			path = Services;
			sourceTree = "<group>";
		};
/* End PBXGroup section */

/* Begin PBXNativeTarget section */
		D02673F12B5F365500EF0B60 /* LoginTimetonicApp */ = {
			isa = PBXNativeTarget;
			buildConfigurationList = D026741F2B5F365700EF0B60 /* Build configuration list for PBXNativeTarget "LoginTimetonicApp" */;
			buildPhases = (
				857B83C4A47669987EDEDE9F /* [CP] Check Pods Manifest.lock */,
				D02673EE2B5F365500EF0B60 /* Sources */,
				D02673EF2B5F365500EF0B60 /* Frameworks */,
				D02673F02B5F365500EF0B60 /* Resources */,
				60ED0330557A22CC4063BC03 /* [CP] Embed Pods Frameworks */,
			);
			buildRules = (
			);
			dependencies = (
			);
			name = LoginTimetonicApp;
			productName = LoginTimetonicApp;
			productReference = D02673F22B5F365500EF0B60 /* LoginTimetonicApp.app */;
			productType = "com.apple.product-type.application";
		};
		D026740A2B5F365700EF0B60 /* LoginTimetonicAppTests */ = {
			isa = PBXNativeTarget;
			buildConfigurationList = D02674222B5F365700EF0B60 /* Build configuration list for PBXNativeTarget "LoginTimetonicAppTests" */;
			buildPhases = (
				7F6E50004A03E84C4A4A303A /* [CP] Check Pods Manifest.lock */,
				D02674072B5F365700EF0B60 /* Sources */,
				D02674082B5F365700EF0B60 /* Frameworks */,
				D02674092B5F365700EF0B60 /* Resources */,
			);
			buildRules = (
			);
			dependencies = (
				D026740D2B5F365700EF0B60 /* PBXTargetDependency */,
			);
			name = LoginTimetonicAppTests;
			productName = LoginTimetonicAppTests;
			productReference = D026740B2B5F365700EF0B60 /* LoginTimetonicAppTests.xctest */;
			productType = "com.apple.product-type.bundle.unit-test";
		};
		D02674142B5F365700EF0B60 /* LoginTimetonicAppUITests */ = {
			isa = PBXNativeTarget;
			buildConfigurationList = D02674252B5F365700EF0B60 /* Build configuration list for PBXNativeTarget "LoginTimetonicAppUITests" */;
			buildPhases = (
				F8D23434CCD1AED91A559E82 /* [CP] Check Pods Manifest.lock */,
				D02674112B5F365700EF0B60 /* Sources */,
				D02674122B5F365700EF0B60 /* Frameworks */,
				D02674132B5F365700EF0B60 /* Resources */,
				BE6BED9BD00598F45BA54801 /* [CP] Embed Pods Frameworks */,
			);
			buildRules = (
			);
			dependencies = (
				D02674172B5F365700EF0B60 /* PBXTargetDependency */,
			);
			name = LoginTimetonicAppUITests;
			productName = LoginTimetonicAppUITests;
			productReference = D02674152B5F365700EF0B60 /* LoginTimetonicAppUITests.xctest */;
			productType = "com.apple.product-type.bundle.ui-testing";
		};
/* End PBXNativeTarget section */

/* Begin PBXProject section */
		D02673EA2B5F365500EF0B60 /* Project object */ = {
			isa = PBXProject;
			attributes = {
				BuildIndependentTargetsInParallel = 1;
				LastSwiftUpdateCheck = 1430;
				LastUpgradeCheck = 1430;
				TargetAttributes = {
					D02673F12B5F365500EF0B60 = {
						CreatedOnToolsVersion = 14.3.1;
					};
					D026740A2B5F365700EF0B60 = {
						CreatedOnToolsVersion = 14.3.1;
						TestTargetID = D02673F12B5F365500EF0B60;
					};
					D02674142B5F365700EF0B60 = {
						CreatedOnToolsVersion = 14.3.1;
						TestTargetID = D02673F12B5F365500EF0B60;
					};
				};
			};
			buildConfigurationList = D02673ED2B5F365500EF0B60 /* Build configuration list for PBXProject "LoginTimetonicApp" */;
			compatibilityVersion = "Xcode 14.0";
			developmentRegion = en;
			hasScannedForEncodings = 0;
			knownRegions = (
				en,
				Base,
			);
			mainGroup = D02673E92B5F365500EF0B60;
			productRefGroup = D02673F32B5F365500EF0B60 /* Products */;
			projectDirPath = "";
			projectRoot = "";
			targets = (
				D02673F12B5F365500EF0B60 /* LoginTimetonicApp */,
				D026740A2B5F365700EF0B60 /* LoginTimetonicAppTests */,
				D02674142B5F365700EF0B60 /* LoginTimetonicAppUITests */,
			);
		};
/* End PBXProject section */

/* Begin PBXResourcesBuildPhase section */
		D02673F02B5F365500EF0B60 /* Resources */ = {
			isa = PBXResourcesBuildPhase;
			buildActionMask = 2147483647;
			files = (
				D02674052B5F365700EF0B60 /* LaunchScreen.storyboard in Resources */,
				D02674022B5F365700EF0B60 /* Assets.xcassets in Resources */,
				D02673FD2B5F365500EF0B60 /* Main.storyboard in Resources */,
			);
			runOnlyForDeploymentPostprocessing = 0;
		};
		D02674092B5F365700EF0B60 /* Resources */ = {
			isa = PBXResourcesBuildPhase;
			buildActionMask = 2147483647;
			files = (
			);
			runOnlyForDeploymentPostprocessing = 0;
		};
		D02674132B5F365700EF0B60 /* Resources */ = {
			isa = PBXResourcesBuildPhase;
			buildActionMask = 2147483647;
			files = (
			);
			runOnlyForDeploymentPostprocessing = 0;
		};
/* End PBXResourcesBuildPhase section */

/* Begin PBXShellScriptBuildPhase section */
		60ED0330557A22CC4063BC03 /* [CP] Embed Pods Frameworks */ = {
			isa = PBXShellScriptBuildPhase;
			buildActionMask = 2147483647;
			files = (
			);
			inputFileListPaths = (
				"${PODS_ROOT}/Target Support Files/Pods-LoginTimetonicApp/Pods-LoginTimetonicApp-frameworks-${CONFIGURATION}-input-files.xcfilelist",
			);
			name = "[CP] Embed Pods Frameworks";
			outputFileListPaths = (
				"${PODS_ROOT}/Target Support Files/Pods-LoginTimetonicApp/Pods-LoginTimetonicApp-frameworks-${CONFIGURATION}-output-files.xcfilelist",
			);
			runOnlyForDeploymentPostprocessing = 0;
			shellPath = /bin/sh;
			shellScript = "\"${PODS_ROOT}/Target Support Files/Pods-LoginTimetonicApp/Pods-LoginTimetonicApp-frameworks.sh\"\n";
			showEnvVarsInLog = 0;
		};
		7F6E50004A03E84C4A4A303A /* [CP] Check Pods Manifest.lock */ = {
			isa = PBXShellScriptBuildPhase;
			buildActionMask = 2147483647;
			files = (
			);
			inputFileListPaths = (
			);
			inputPaths = (
				"${PODS_PODFILE_DIR_PATH}/Podfile.lock",
				"${PODS_ROOT}/Manifest.lock",
			);
			name = "[CP] Check Pods Manifest.lock";
			outputFileListPaths = (
			);
			outputPaths = (
				"$(DERIVED_FILE_DIR)/Pods-LoginTimetonicAppTests-checkManifestLockResult.txt",
			);
			runOnlyForDeploymentPostprocessing = 0;
			shellPath = /bin/sh;
			shellScript = "diff \"${PODS_PODFILE_DIR_PATH}/Podfile.lock\" \"${PODS_ROOT}/Manifest.lock\" > /dev/null\nif [ $? != 0 ] ; then\n    # print error to STDERR\n    echo \"error: The sandbox is not in sync with the Podfile.lock. Run 'pod install' or update your CocoaPods installation.\" >&2\n    exit 1\nfi\n# This output is used by Xcode 'outputs' to avoid re-running this script phase.\necho \"SUCCESS\" > \"${SCRIPT_OUTPUT_FILE_0}\"\n";
			showEnvVarsInLog = 0;
		};
		857B83C4A47669987EDEDE9F /* [CP] Check Pods Manifest.lock */ = {
			isa = PBXShellScriptBuildPhase;
			buildActionMask = 2147483647;
			files = (
			);
			inputFileListPaths = (
			);
			inputPaths = (
				"${PODS_PODFILE_DIR_PATH}/Podfile.lock",
				"${PODS_ROOT}/Manifest.lock",
			);
			name = "[CP] Check Pods Manifest.lock";
			outputFileListPaths = (
			);
			outputPaths = (
				"$(DERIVED_FILE_DIR)/Pods-LoginTimetonicApp-checkManifestLockResult.txt",
			);
			runOnlyForDeploymentPostprocessing = 0;
			shellPath = /bin/sh;
			shellScript = "diff \"${PODS_PODFILE_DIR_PATH}/Podfile.lock\" \"${PODS_ROOT}/Manifest.lock\" > /dev/null\nif [ $? != 0 ] ; then\n    # print error to STDERR\n    echo \"error: The sandbox is not in sync with the Podfile.lock. Run 'pod install' or update your CocoaPods installation.\" >&2\n    exit 1\nfi\n# This output is used by Xcode 'outputs' to avoid re-running this script phase.\necho \"SUCCESS\" > \"${SCRIPT_OUTPUT_FILE_0}\"\n";
			showEnvVarsInLog = 0;
		};
		BE6BED9BD00598F45BA54801 /* [CP] Embed Pods Frameworks */ = {
			isa = PBXShellScriptBuildPhase;
			buildActionMask = 2147483647;
			files = (
			);
			inputFileListPaths = (
				"${PODS_ROOT}/Target Support Files/Pods-LoginTimetonicApp-LoginTimetonicAppUITests/Pods-LoginTimetonicApp-LoginTimetonicAppUITests-frameworks-${CONFIGURATION}-input-files.xcfilelist",
			);
			name = "[CP] Embed Pods Frameworks";
			outputFileListPaths = (
				"${PODS_ROOT}/Target Support Files/Pods-LoginTimetonicApp-LoginTimetonicAppUITests/Pods-LoginTimetonicApp-LoginTimetonicAppUITests-frameworks-${CONFIGURATION}-output-files.xcfilelist",
			);
			runOnlyForDeploymentPostprocessing = 0;
			shellPath = /bin/sh;
			shellScript = "\"${PODS_ROOT}/Target Support Files/Pods-LoginTimetonicApp-LoginTimetonicAppUITests/Pods-LoginTimetonicApp-LoginTimetonicAppUITests-frameworks.sh\"\n";
			showEnvVarsInLog = 0;
		};
		F8D23434CCD1AED91A559E82 /* [CP] Check Pods Manifest.lock */ = {
			isa = PBXShellScriptBuildPhase;
			buildActionMask = 2147483647;
			files = (
			);
			inputFileListPaths = (
			);
			inputPaths = (
				"${PODS_PODFILE_DIR_PATH}/Podfile.lock",
				"${PODS_ROOT}/Manifest.lock",
			);
			name = "[CP] Check Pods Manifest.lock";
			outputFileListPaths = (
			);
			outputPaths = (
				"$(DERIVED_FILE_DIR)/Pods-LoginTimetonicApp-LoginTimetonicAppUITests-checkManifestLockResult.txt",
			);
			runOnlyForDeploymentPostprocessing = 0;
			shellPath = /bin/sh;
			shellScript = "diff \"${PODS_PODFILE_DIR_PATH}/Podfile.lock\" \"${PODS_ROOT}/Manifest.lock\" > /dev/null\nif [ $? != 0 ] ; then\n    # print error to STDERR\n    echo \"error: The sandbox is not in sync with the Podfile.lock. Run 'pod install' or update your CocoaPods installation.\" >&2\n    exit 1\nfi\n# This output is used by Xcode 'outputs' to avoid re-running this script phase.\necho \"SUCCESS\" > \"${SCRIPT_OUTPUT_FILE_0}\"\n";
			showEnvVarsInLog = 0;
		};
/* End PBXShellScriptBuildPhase section */

/* Begin PBXSourcesBuildPhase section */
		D02673EE2B5F365500EF0B60 /* Sources */ = {
			isa = PBXSourcesBuildPhase;
			buildActionMask = 2147483647;
			files = (
				D02674002B5F365500EF0B60 /* LoginTimetonicApp.xcdatamodeld in Sources */,
				D02673FA2B5F365500EF0B60 /* LogInViewController.swift in Sources */,
				D02673F62B5F365500EF0B60 /* AppDelegate.swift in Sources */,
				D02673F82B5F365500EF0B60 /* SceneDelegate.swift in Sources */,
				D026742F2B5F514800EF0B60 /* LoginPresenter.swift in Sources */,
			);
			runOnlyForDeploymentPostprocessing = 0;
		};
		D02674072B5F365700EF0B60 /* Sources */ = {
			isa = PBXSourcesBuildPhase;
			buildActionMask = 2147483647;
			files = (
				D02674102B5F365700EF0B60 /* LoginTimetonicAppTests.swift in Sources */,
			);
			runOnlyForDeploymentPostprocessing = 0;
		};
		D02674112B5F365700EF0B60 /* Sources */ = {
			isa = PBXSourcesBuildPhase;
			buildActionMask = 2147483647;
			files = (
				D026741A2B5F365700EF0B60 /* LoginTimetonicAppUITests.swift in Sources */,
				D026741C2B5F365700EF0B60 /* LoginTimetonicAppUITestsLaunchTests.swift in Sources */,
			);
			runOnlyForDeploymentPostprocessing = 0;
		};
/* End PBXSourcesBuildPhase section */

/* Begin PBXTargetDependency section */
		D026740D2B5F365700EF0B60 /* PBXTargetDependency */ = {
			isa = PBXTargetDependency;
			target = D02673F12B5F365500EF0B60 /* LoginTimetonicApp */;
			targetProxy = D026740C2B5F365700EF0B60 /* PBXContainerItemProxy */;
		};
		D02674172B5F365700EF0B60 /* PBXTargetDependency */ = {
			isa = PBXTargetDependency;
			target = D02673F12B5F365500EF0B60 /* LoginTimetonicApp */;
			targetProxy = D02674162B5F365700EF0B60 /* PBXContainerItemProxy */;
		};
/* End PBXTargetDependency section */

/* Begin PBXVariantGroup section */
		D02673FB2B5F365500EF0B60 /* Main.storyboard */ = {
			isa = PBXVariantGroup;
			children = (
				D02673FC2B5F365500EF0B60 /* Base */,
			);
			name = Main.storyboard;
			sourceTree = "<group>";
		};
		D02674032B5F365700EF0B60 /* LaunchScreen.storyboard */ = {
			isa = PBXVariantGroup;
			children = (
				D02674042B5F365700EF0B60 /* Base */,
			);
			name = LaunchScreen.storyboard;
			sourceTree = "<group>";
		};
/* End PBXVariantGroup section */

/* Begin XCBuildConfiguration section */
		D026741D2B5F365700EF0B60 /* Debug */ = {
			isa = XCBuildConfiguration;
			buildSettings = {
				ALWAYS_SEARCH_USER_PATHS = NO;
				CLANG_ANALYZER_NONNULL = YES;
				CLANG_ANALYZER_NUMBER_OBJECT_CONVERSION = YES_AGGRESSIVE;
				CLANG_CXX_LANGUAGE_STANDARD = "gnu++20";
				CLANG_ENABLE_MODULES = YES;
				CLANG_ENABLE_OBJC_ARC = YES;
				CLANG_ENABLE_OBJC_WEAK = YES;
				CLANG_WARN_BLOCK_CAPTURE_AUTORELEASING = YES;
				CLANG_WARN_BOOL_CONVERSION = YES;
				CLANG_WARN_COMMA = YES;
				CLANG_WARN_CONSTANT_CONVERSION = YES;
				CLANG_WARN_DEPRECATED_OBJC_IMPLEMENTATIONS = YES;
				CLANG_WARN_DIRECT_OBJC_ISA_USAGE = YES_ERROR;
				CLANG_WARN_DOCUMENTATION_COMMENTS = YES;
				CLANG_WARN_EMPTY_BODY = YES;
				CLANG_WARN_ENUM_CONVERSION = YES;
				CLANG_WARN_INFINITE_RECURSION = YES;
				CLANG_WARN_INT_CONVERSION = YES;
				CLANG_WARN_NON_LITERAL_NULL_CONVERSION = YES;
				CLANG_WARN_OBJC_IMPLICIT_RETAIN_SELF = YES;
				CLANG_WARN_OBJC_LITERAL_CONVERSION = YES;
				CLANG_WARN_OBJC_ROOT_CLASS = YES_ERROR;
				CLANG_WARN_QUOTED_INCLUDE_IN_FRAMEWORK_HEADER = YES;
				CLANG_WARN_RANGE_LOOP_ANALYSIS = YES;
				CLANG_WARN_STRICT_PROTOTYPES = YES;
				CLANG_WARN_SUSPICIOUS_MOVE = YES;
				CLANG_WARN_UNGUARDED_AVAILABILITY = YES_AGGRESSIVE;
				CLANG_WARN_UNREACHABLE_CODE = YES;
				CLANG_WARN__DUPLICATE_METHOD_MATCH = YES;
				COPY_PHASE_STRIP = NO;
				DEBUG_INFORMATION_FORMAT = dwarf;
				ENABLE_STRICT_OBJC_MSGSEND = YES;
				ENABLE_TESTABILITY = YES;
				GCC_C_LANGUAGE_STANDARD = gnu11;
				GCC_DYNAMIC_NO_PIC = NO;
				GCC_NO_COMMON_BLOCKS = YES;
				GCC_OPTIMIZATION_LEVEL = 0;
				GCC_PREPROCESSOR_DEFINITIONS = (
					"DEBUG=1",
					"$(inherited)",
				);
				GCC_WARN_64_TO_32_BIT_CONVERSION = YES;
				GCC_WARN_ABOUT_RETURN_TYPE = YES_ERROR;
				GCC_WARN_UNDECLARED_SELECTOR = YES;
				GCC_WARN_UNINITIALIZED_AUTOS = YES_AGGRESSIVE;
				GCC_WARN_UNUSED_FUNCTION = YES;
				GCC_WARN_UNUSED_VARIABLE = YES;
				IPHONEOS_DEPLOYMENT_TARGET = 16.4;
				MTL_ENABLE_DEBUG_INFO = INCLUDE_SOURCE;
				MTL_FAST_MATH = YES;
				ONLY_ACTIVE_ARCH = YES;
				SDKROOT = iphoneos;
				SWIFT_ACTIVE_COMPILATION_CONDITIONS = DEBUG;
				SWIFT_OPTIMIZATION_LEVEL = "-Onone";
			};
			name = Debug;
		};
		D026741E2B5F365700EF0B60 /* Release */ = {
			isa = XCBuildConfiguration;
			buildSettings = {
				ALWAYS_SEARCH_USER_PATHS = NO;
				CLANG_ANALYZER_NONNULL = YES;
				CLANG_ANALYZER_NUMBER_OBJECT_CONVERSION = YES_AGGRESSIVE;
				CLANG_CXX_LANGUAGE_STANDARD = "gnu++20";
				CLANG_ENABLE_MODULES = YES;
				CLANG_ENABLE_OBJC_ARC = YES;
				CLANG_ENABLE_OBJC_WEAK = YES;
				CLANG_WARN_BLOCK_CAPTURE_AUTORELEASING = YES;
				CLANG_WARN_BOOL_CONVERSION = YES;
				CLANG_WARN_COMMA = YES;
				CLANG_WARN_CONSTANT_CONVERSION = YES;
				CLANG_WARN_DEPRECATED_OBJC_IMPLEMENTATIONS = YES;
				CLANG_WARN_DIRECT_OBJC_ISA_USAGE = YES_ERROR;
				CLANG_WARN_DOCUMENTATION_COMMENTS = YES;
				CLANG_WARN_EMPTY_BODY = YES;
				CLANG_WARN_ENUM_CONVERSION = YES;
				CLANG_WARN_INFINITE_RECURSION = YES;
				CLANG_WARN_INT_CONVERSION = YES;
				CLANG_WARN_NON_LITERAL_NULL_CONVERSION = YES;
				CLANG_WARN_OBJC_IMPLICIT_RETAIN_SELF = YES;
				CLANG_WARN_OBJC_LITERAL_CONVERSION = YES;
				CLANG_WARN_OBJC_ROOT_CLASS = YES_ERROR;
				CLANG_WARN_QUOTED_INCLUDE_IN_FRAMEWORK_HEADER = YES;
				CLANG_WARN_RANGE_LOOP_ANALYSIS = YES;
				CLANG_WARN_STRICT_PROTOTYPES = YES;
				CLANG_WARN_SUSPICIOUS_MOVE = YES;
				CLANG_WARN_UNGUARDED_AVAILABILITY = YES_AGGRESSIVE;
				CLANG_WARN_UNREACHABLE_CODE = YES;
				CLANG_WARN__DUPLICATE_METHOD_MATCH = YES;
				COPY_PHASE_STRIP = NO;
				DEBUG_INFORMATION_FORMAT = "dwarf-with-dsym";
				ENABLE_NS_ASSERTIONS = NO;
				ENABLE_STRICT_OBJC_MSGSEND = YES;
				GCC_C_LANGUAGE_STANDARD = gnu11;
				GCC_NO_COMMON_BLOCKS = YES;
				GCC_WARN_64_TO_32_BIT_CONVERSION = YES;
				GCC_WARN_ABOUT_RETURN_TYPE = YES_ERROR;
				GCC_WARN_UNDECLARED_SELECTOR = YES;
				GCC_WARN_UNINITIALIZED_AUTOS = YES_AGGRESSIVE;
				GCC_WARN_UNUSED_FUNCTION = YES;
				GCC_WARN_UNUSED_VARIABLE = YES;
				IPHONEOS_DEPLOYMENT_TARGET = 16.4;
				MTL_ENABLE_DEBUG_INFO = NO;
				MTL_FAST_MATH = YES;
				SDKROOT = iphoneos;
				SWIFT_COMPILATION_MODE = wholemodule;
				SWIFT_OPTIMIZATION_LEVEL = "-O";
				VALIDATE_PRODUCT = YES;
			};
			name = Release;
		};
		D02674202B5F365700EF0B60 /* Debug */ = {
			isa = XCBuildConfiguration;
			baseConfigurationReference = 1DA8A762D3706F804B9AEDF7 /* Pods-LoginTimetonicApp.debug.xcconfig */;
			buildSettings = {
				ASSETCATALOG_COMPILER_APPICON_NAME = AppIcon;
				ASSETCATALOG_COMPILER_GLOBAL_ACCENT_COLOR_NAME = AccentColor;
				CODE_SIGN_STYLE = Automatic;
				CURRENT_PROJECT_VERSION = 1;
				DEVELOPMENT_TEAM = JL65LYQXK2;
				GENERATE_INFOPLIST_FILE = YES;
				INFOPLIST_FILE = LoginTimetonicApp/Info.plist;
				INFOPLIST_KEY_UIApplicationSupportsIndirectInputEvents = YES;
				INFOPLIST_KEY_UILaunchStoryboardName = LaunchScreen;
				INFOPLIST_KEY_UIMainStoryboardFile = Main;
				INFOPLIST_KEY_UISupportedInterfaceOrientations_iPad = "UIInterfaceOrientationPortrait UIInterfaceOrientationPortraitUpsideDown UIInterfaceOrientationLandscapeLeft UIInterfaceOrientationLandscapeRight";
				INFOPLIST_KEY_UISupportedInterfaceOrientations_iPhone = "UIInterfaceOrientationPortrait UIInterfaceOrientationLandscapeLeft UIInterfaceOrientationLandscapeRight";
				LD_RUNPATH_SEARCH_PATHS = (
					"$(inherited)",
					"@executable_path/Frameworks",
				);
				MARKETING_VERSION = 1.0;
				PRODUCT_BUNDLE_IDENTIFIER = org.juan.garcia.LoginTimetonicApp;
				PRODUCT_NAME = "$(TARGET_NAME)";
				SWIFT_EMIT_LOC_STRINGS = YES;
				SWIFT_VERSION = 5.0;
				TARGETED_DEVICE_FAMILY = "1,2";
			};
			name = Debug;
		};
		D02674212B5F365700EF0B60 /* Release */ = {
			isa = XCBuildConfiguration;
			baseConfigurationReference = 3E7DF6270F7D393C037E46D4 /* Pods-LoginTimetonicApp.release.xcconfig */;
			buildSettings = {
				ASSETCATALOG_COMPILER_APPICON_NAME = AppIcon;
				ASSETCATALOG_COMPILER_GLOBAL_ACCENT_COLOR_NAME = AccentColor;
				CODE_SIGN_STYLE = Automatic;
				CURRENT_PROJECT_VERSION = 1;
				DEVELOPMENT_TEAM = JL65LYQXK2;
				GENERATE_INFOPLIST_FILE = YES;
				INFOPLIST_FILE = LoginTimetonicApp/Info.plist;
				INFOPLIST_KEY_UIApplicationSupportsIndirectInputEvents = YES;
				INFOPLIST_KEY_UILaunchStoryboardName = LaunchScreen;
				INFOPLIST_KEY_UIMainStoryboardFile = Main;
				INFOPLIST_KEY_UISupportedInterfaceOrientations_iPad = "UIInterfaceOrientationPortrait UIInterfaceOrientationPortraitUpsideDown UIInterfaceOrientationLandscapeLeft UIInterfaceOrientationLandscapeRight";
				INFOPLIST_KEY_UISupportedInterfaceOrientations_iPhone = "UIInterfaceOrientationPortrait UIInterfaceOrientationLandscapeLeft UIInterfaceOrientationLandscapeRight";
				LD_RUNPATH_SEARCH_PATHS = (
					"$(inherited)",
					"@executable_path/Frameworks",
				);
				MARKETING_VERSION = 1.0;
				PRODUCT_BUNDLE_IDENTIFIER = org.juan.garcia.LoginTimetonicApp;
				PRODUCT_NAME = "$(TARGET_NAME)";
				SWIFT_EMIT_LOC_STRINGS = YES;
				SWIFT_VERSION = 5.0;
				TARGETED_DEVICE_FAMILY = "1,2";
			};
			name = Release;
		};
		D02674232B5F365700EF0B60 /* Debug */ = {
			isa = XCBuildConfiguration;
			baseConfigurationReference = B7753E2C77A0A3004CBB9DD0 /* Pods-LoginTimetonicAppTests.debug.xcconfig */;
			buildSettings = {
				ALWAYS_EMBED_SWIFT_STANDARD_LIBRARIES = YES;
				BUNDLE_LOADER = "$(TEST_HOST)";
				CODE_SIGN_STYLE = Automatic;
				CURRENT_PROJECT_VERSION = 1;
				DEVELOPMENT_TEAM = JL65LYQXK2;
				GENERATE_INFOPLIST_FILE = YES;
				IPHONEOS_DEPLOYMENT_TARGET = 16.4;
				MARKETING_VERSION = 1.0;
				PRODUCT_BUNDLE_IDENTIFIER = org.juan.garcia.LoginTimetonicAppTests;
				PRODUCT_NAME = "$(TARGET_NAME)";
				SWIFT_EMIT_LOC_STRINGS = NO;
				SWIFT_VERSION = 5.0;
				TARGETED_DEVICE_FAMILY = "1,2";
				TEST_HOST = "$(BUILT_PRODUCTS_DIR)/LoginTimetonicApp.app/$(BUNDLE_EXECUTABLE_FOLDER_PATH)/LoginTimetonicApp";
			};
			name = Debug;
		};
		D02674242B5F365700EF0B60 /* Release */ = {
			isa = XCBuildConfiguration;
			baseConfigurationReference = 8F64E14C1E9D0EC08729E33C /* Pods-LoginTimetonicAppTests.release.xcconfig */;
			buildSettings = {
				ALWAYS_EMBED_SWIFT_STANDARD_LIBRARIES = YES;
				BUNDLE_LOADER = "$(TEST_HOST)";
				CODE_SIGN_STYLE = Automatic;
				CURRENT_PROJECT_VERSION = 1;
				DEVELOPMENT_TEAM = JL65LYQXK2;
				GENERATE_INFOPLIST_FILE = YES;
				IPHONEOS_DEPLOYMENT_TARGET = 16.4;
				MARKETING_VERSION = 1.0;
				PRODUCT_BUNDLE_IDENTIFIER = org.juan.garcia.LoginTimetonicAppTests;
				PRODUCT_NAME = "$(TARGET_NAME)";
				SWIFT_EMIT_LOC_STRINGS = NO;
				SWIFT_VERSION = 5.0;
				TARGETED_DEVICE_FAMILY = "1,2";
				TEST_HOST = "$(BUILT_PRODUCTS_DIR)/LoginTimetonicApp.app/$(BUNDLE_EXECUTABLE_FOLDER_PATH)/LoginTimetonicApp";
			};
			name = Release;
		};
		D02674262B5F365700EF0B60 /* Debug */ = {
			isa = XCBuildConfiguration;
			baseConfigurationReference = 0E4C79A6997F86C281466EEE /* Pods-LoginTimetonicApp-LoginTimetonicAppUITests.debug.xcconfig */;
			buildSettings = {
				ALWAYS_EMBED_SWIFT_STANDARD_LIBRARIES = YES;
				CODE_SIGN_STYLE = Automatic;
				CURRENT_PROJECT_VERSION = 1;
				DEVELOPMENT_TEAM = JL65LYQXK2;
				GENERATE_INFOPLIST_FILE = YES;
				MARKETING_VERSION = 1.0;
				PRODUCT_BUNDLE_IDENTIFIER = org.juan.garcia.LoginTimetonicAppUITests;
				PRODUCT_NAME = "$(TARGET_NAME)";
				SWIFT_EMIT_LOC_STRINGS = NO;
				SWIFT_VERSION = 5.0;
				TARGETED_DEVICE_FAMILY = "1,2";
				TEST_TARGET_NAME = LoginTimetonicApp;
			};
			name = Debug;
		};
		D02674272B5F365700EF0B60 /* Release */ = {
			isa = XCBuildConfiguration;
			baseConfigurationReference = 7F17BA1E6FDB7A46A77E158C /* Pods-LoginTimetonicApp-LoginTimetonicAppUITests.release.xcconfig */;
			buildSettings = {
				ALWAYS_EMBED_SWIFT_STANDARD_LIBRARIES = YES;
				CODE_SIGN_STYLE = Automatic;
				CURRENT_PROJECT_VERSION = 1;
				DEVELOPMENT_TEAM = JL65LYQXK2;
				GENERATE_INFOPLIST_FILE = YES;
				MARKETING_VERSION = 1.0;
				PRODUCT_BUNDLE_IDENTIFIER = org.juan.garcia.LoginTimetonicAppUITests;
				PRODUCT_NAME = "$(TARGET_NAME)";
				SWIFT_EMIT_LOC_STRINGS = NO;
				SWIFT_VERSION = 5.0;
				TARGETED_DEVICE_FAMILY = "1,2";
				TEST_TARGET_NAME = LoginTimetonicApp;
			};
			name = Release;
		};
/* End XCBuildConfiguration section */

/* Begin XCConfigurationList section */
		D02673ED2B5F365500EF0B60 /* Build configuration list for PBXProject "LoginTimetonicApp" */ = {
			isa = XCConfigurationList;
			buildConfigurations = (
				D026741D2B5F365700EF0B60 /* Debug */,
				D026741E2B5F365700EF0B60 /* Release */,
			);
			defaultConfigurationIsVisible = 0;
			defaultConfigurationName = Release;
		};
		D026741F2B5F365700EF0B60 /* Build configuration list for PBXNativeTarget "LoginTimetonicApp" */ = {
			isa = XCConfigurationList;
			buildConfigurations = (
				D02674202B5F365700EF0B60 /* Debug */,
				D02674212B5F365700EF0B60 /* Release */,
			);
			defaultConfigurationIsVisible = 0;
			defaultConfigurationName = Release;
		};
		D02674222B5F365700EF0B60 /* Build configuration list for PBXNativeTarget "LoginTimetonicAppTests" */ = {
			isa = XCConfigurationList;
			buildConfigurations = (
				D02674232B5F365700EF0B60 /* Debug */,
				D02674242B5F365700EF0B60 /* Release */,
			);
			defaultConfigurationIsVisible = 0;
			defaultConfigurationName = Release;
		};
		D02674252B5F365700EF0B60 /* Build configuration list for PBXNativeTarget "LoginTimetonicAppUITests" */ = {
			isa = XCConfigurationList;
			buildConfigurations = (
				D02674262B5F365700EF0B60 /* Debug */,
				D02674272B5F365700EF0B60 /* Release */,
			);
			defaultConfigurationIsVisible = 0;
			defaultConfigurationName = Release;
		};
/* End XCConfigurationList section */

/* Begin XCVersionGroup section */
		D02673FE2B5F365500EF0B60 /* LoginTimetonicApp.xcdatamodeld */ = {
			isa = XCVersionGroup;
			children = (
				D02673FF2B5F365500EF0B60 /* LoginTimetonicApp.xcdatamodel */,
			);
			currentVersion = D02673FF2B5F365500EF0B60 /* LoginTimetonicApp.xcdatamodel */;
			path = LoginTimetonicApp.xcdatamodeld;
			sourceTree = "<group>";
			versionGroupType = wrapper.xcdatamodel;
		};
/* End XCVersionGroup section */
	};
	rootObject = D02673EA2B5F365500EF0B60 /* Project object */;
}
